{
  "name": "master-tianming",
  "version": "1.0.0",
  "lockfileVersion": 3,
  "requires": true,
  "packages": {
    "": {
      "name": "master-tianming",
      "version": "1.0.0",
      "license": "ISC",
      "dependencies": {
        "lucide-react": "^1.14.0",
        "lunar-javascript": "^1.7.7"
      }
    },
    "node_modules/lucide-react": {
      "version": "1.14.0",
      "resolved": "https://registry.npmjs.org/lucide-react/-/lucide-react-1.14.0.tgz",
      "integrity": "sha512-+1mdWcfSJVUsaTIjN9zoezmUhfXo5l0vP7ekBMPo3jcS/aIkxHnXqAPsByszMZx/Y8oQBRJxJx5xg+RH3urzxA==",
      "license": "ISC",
      "peerDependencies": {
        "react": "^16.5.1 || ^17.0.0 || ^18.0.0 || ^19.0.0"
      }
    },
    "node_modules/lunar-javascript": {
      "version": "1.7.7",
      "resolved": "https://registry.npmjs.org/lunar-javascript/-/lunar-javascript-1.7.7.tgz",
      "integrity": "sha512-u/KYiwPIBo/0bT+WWfU7qO1d+aqeB90Tuy4ErXenr2Gam0QcWeezUvtiOIyXR7HbVnW2I1DKfU0NBvzMZhbVQw==",
      "license": "MIT"
    },
    "node_modules/react": {
      "version": "19.2.6",
      "resolved": "https://registry.npmjs.org/react/-/react-19.2.6.tgz",
      "integrity": "sha512-sfWGGfavi0xr8Pg0sVsyHMAOziVYKgPLNrS7ig+ivMNb3wbCBw3KxtflsGBAwD3gYQlE/AEZsTLgToRrSCjb0Q==",
      "license": "MIT",
      "peer": true,
      "engines": {
        "node": ">=0.10.0"
      }
    }
  }
}
